
Microsoft Visual Studio Solution File, Format Version 12.00
# Visual Studio 15
VisualStudioVersion = 15.0.27703.2042
MinimumVisualStudioVersion = 10.0.40219.1
Project("{FAE04EC0-301F-11D3-BF4B-00C04F79EFBC}") = "EkzamenWPF", "EkzamenWPF\EkzamenWPF.csproj", "{3D2C1F78-D6A2-4E21-80FB-FDD0D7DD1C47}"
EndProject
Project("{FAE04EC0-301F-11D3-BF4B-00C04F79EFBC}") = "EkzamenWPF.DTO", "EkzamenWPF.DTO\EkzamenWPF.DTO.csproj", "{C5D1313B-7C80-42A0-99BC-D5F8D9AC3F64}"
EndProject
Project("{FAE04EC0-301F-11D3-BF4B-00C04F79EFBC}") = "EkzamenWPF.Service", "EkzamenWPF.Service\EkzamenWPF.Service.csproj", "{4B57996D-65B5-4F7F-807D-AB31D828F879}"
EndProject
Global
	GlobalSection(SolutionConfigurationPlatforms) = preSolution
		Debug|Any CPU = Debug|Any CPU
		Release|Any CPU = Release|Any CPU
	EndGlobalSection
	GlobalSection(ProjectConfigurationPlatforms) = postSolution
		{3D2C1F78-D6A2-4E21-80FB-FDD0D7DD1C47}.Debug|Any CPU.ActiveCfg = Debug|Any CPU
		{3D2C1F78-D6A2-4E21-80FB-FDD0D7DD1C47}.Debug|Any CPU.Build.0 = Debug|Any CPU
		{3D2C1F78-D6A2-4E21-80FB-FDD0D7DD1C47}.Release|Any CPU.ActiveCfg = Release|Any CPU
		{3D2C1F78-D6A2-4E21-80FB-FDD0D7DD1C47}.Release|Any CPU.Build.0 = Release|Any CPU
		{C5D1313B-7C80-42A0-99BC-D5F8D9AC3F64}.Debug|Any CPU.ActiveCfg = Debug|Any CPU
		{C5D1313B-7C80-42A0-99BC-D5F8D9AC3F64}.Debug|Any CPU.Build.0 = Debug|Any CPU
		{C5D1313B-7C80-42A0-99BC-D5F8D9AC3F64}.Release|Any CPU.ActiveCfg = Release|Any CPU
		{C5D1313B-7C80-42A0-99BC-D5F8D9AC3F64}.Release|Any CPU.Build.0 = Release|Any CPU
		{4B57996D-65B5-4F7F-807D-AB31D828F879}.Debug|Any CPU.ActiveCfg = Debug|Any CPU
		{4B57996D-65B5-4F7F-807D-AB31D828F879}.Debug|Any CPU.Build.0 = Debug|Any CPU
		{4B57996D-65B5-4F7F-807D-AB31D828F879}.Release|Any CPU.ActiveCfg = Release|Any CPU
		{4B57996D-65B5-4F7F-807D-AB31D828F879}.Release|Any CPU.Build.0 = Release|Any CPU
	EndGlobalSection
	GlobalSection(SolutionProperties) = preSolution
		HideSolutionNode = FALSE
	EndGlobalSection
	GlobalSection(ExtensibilityGlobals) = postSolution
		SolutionGuid = {612FCA9E-7B2C-4009-8014-5B1E6CBC23C1}
	EndGlobalSection
EndGlobal
